
Microsoft Visual Studio Solution File, Format Version 12.00
# Visual Studio 15
VisualStudioVersion = 15.0.27703.2026
MinimumVisualStudioVersion = 10.0.40219.1
Project("{FAE04EC0-301F-11D3-BF4B-00C04F79EFBC}") = "MorrowindLib", "MorrowindLib\MorrowindLib.csproj", "{FDC28BBF-960A-424A-945B-5A8E55E75C7C}"
EndProject
Project("{FAE04EC0-301F-11D3-BF4B-00C04F79EFBC}") = "Console", "Console\Console.csproj", "{0AF5E691-67D1-4D67-9CA3-5699BA63E1B3}"
EndProject
Global
	GlobalSection(SolutionConfigurationPlatforms) = preSolution
		Debug|Any CPU = Debug|Any CPU
		Release|Any CPU = Release|Any CPU
	EndGlobalSection
	GlobalSection(ProjectConfigurationPlatforms) = postSolution
		{FDC28BBF-960A-424A-945B-5A8E55E75C7C}.Debug|Any CPU.ActiveCfg = Debug|Any CPU
		{FDC28BBF-960A-424A-945B-5A8E55E75C7C}.Debug|Any CPU.Build.0 = Debug|Any CPU
		{FDC28BBF-960A-424A-945B-5A8E55E75C7C}.Release|Any CPU.ActiveCfg = Release|Any CPU
		{FDC28BBF-960A-424A-945B-5A8E55E75C7C}.Release|Any CPU.Build.0 = Release|Any CPU
		{0AF5E691-67D1-4D67-9CA3-5699BA63E1B3}.Debug|Any CPU.ActiveCfg = Debug|Any CPU
		{0AF5E691-67D1-4D67-9CA3-5699BA63E1B3}.Debug|Any CPU.Build.0 = Debug|Any CPU
		{0AF5E691-67D1-4D67-9CA3-5699BA63E1B3}.Release|Any CPU.ActiveCfg = Release|Any CPU
		{0AF5E691-67D1-4D67-9CA3-5699BA63E1B3}.Release|Any CPU.Build.0 = Release|Any CPU
	EndGlobalSection
	GlobalSection(SolutionProperties) = preSolution
		HideSolutionNode = FALSE
	EndGlobalSection
	GlobalSection(ExtensibilityGlobals) = postSolution
		SolutionGuid = {2461444D-0D29-4525-ABBC-B11537D14A7C}
	EndGlobalSection
EndGlobal
